
Microsoft Visual Studio Solution File, Format Version 12.00
# Visual Studio Version 17
VisualStudioVersion = 17.9.34728.123
MinimumVisualStudioVersion = 10.0.40219.1
Project("{FAE04EC0-301F-11D3-BF4B-00C04F79EFBC}") = "butterBrorBot2.0", "butterBrorBot2.0\butterBrorBot2.0.csproj", "{334F9C7B-9B01-4978-961B-C8100CA8BB7B}"
EndProject
Global
	GlobalSection(SolutionConfigurationPlatforms) = preSolution
		Debug|Any CPU = Debug|Any CPU
		Release|Any CPU = Release|Any CPU
	EndGlobalSection
	GlobalSection(ProjectConfigurationPlatforms) = postSolution
		{334F9C7B-9B01-4978-961B-C8100CA8BB7B}.Debug|Any CPU.ActiveCfg = Debug|Any CPU
		{334F9C7B-9B01-4978-961B-C8100CA8BB7B}.Debug|Any CPU.Build.0 = Debug|Any CPU
		{334F9C7B-9B01-4978-961B-C8100CA8BB7B}.Release|Any CPU.ActiveCfg = Release|Any CPU
		{334F9C7B-9B01-4978-961B-C8100CA8BB7B}.Release|Any CPU.Build.0 = Release|Any CPU
	EndGlobalSection
	GlobalSection(SolutionProperties) = preSolution
		HideSolutionNode = FALSE
	EndGlobalSection
	GlobalSection(ExtensibilityGlobals) = postSolution
		SolutionGuid = {5B1384BA-5A24-4CF8-A736-7D47AE8851D4}
	EndGlobalSection
EndGlobal
