
Microsoft Visual Studio Solution File, Format Version 12.00
# Visual Studio Version 17
VisualStudioVersion = 17.9.34728.123
MinimumVisualStudioVersion = 10.0.40219.1
Project("{9A19103F-16F7-4668-BE54-9A1E7A4F7556}") = "butterBror", "butterBror\butterBror.csproj", "{334F9C7B-9B01-4978-961B-C8100CA8BB7B}"
EndProject
Project("{FAE04EC0-301F-11D3-BF4B-00C04F79EFBC}") = "7tv_requests_test", "7tv_requests_test\7tv_requests_test.csproj", "{75D9DF5E-245F-474F-95E3-6C63BA2E4054}"
EndProject
Project("{FAE04EC0-301F-11D3-BF4B-00C04F79EFBC}") = "TestTelegramPing", "TestTelegramPing\TestTelegramPing.csproj", "{16B206BE-1334-461F-9481-F98F24DB2742}"
EndProject
Project("{FAE04EC0-301F-11D3-BF4B-00C04F79EFBC}") = "Host", "Host\Host.csproj", "{E94EB63F-7259-4A08-9825-4B9A00C3D4F0}"
EndProject
Project("{FAE04EC0-301F-11D3-BF4B-00C04F79EFBC}") = "Updater", "Updater\Updater.csproj", "{5BC779FD-C08E-4481-8082-6DF9A036FA44}"
EndProject
Project("{FAE04EC0-301F-11D3-BF4B-00C04F79EFBC}") = "DatabaseMigrator", "DatabaseMigrator\DatabaseMigrator.csproj", "{C3E16FF4-7B29-4A99-92EE-C9FD8275EA41}"
EndProject
Global
	GlobalSection(SolutionConfigurationPlatforms) = preSolution
		Debug|Any CPU = Debug|Any CPU
		Debug|x86 = Debug|x86
		Release|Any CPU = Release|Any CPU
		Release|x86 = Release|x86
	EndGlobalSection
	GlobalSection(ProjectConfigurationPlatforms) = postSolution
		{334F9C7B-9B01-4978-961B-C8100CA8BB7B}.Debug|Any CPU.ActiveCfg = Debug|Any CPU
		{334F9C7B-9B01-4978-961B-C8100CA8BB7B}.Debug|Any CPU.Build.0 = Debug|Any CPU
		{334F9C7B-9B01-4978-961B-C8100CA8BB7B}.Debug|x86.ActiveCfg = Release|x86
		{334F9C7B-9B01-4978-961B-C8100CA8BB7B}.Debug|x86.Build.0 = Release|x86
		{334F9C7B-9B01-4978-961B-C8100CA8BB7B}.Release|Any CPU.ActiveCfg = Release|Any CPU
		{334F9C7B-9B01-4978-961B-C8100CA8BB7B}.Release|Any CPU.Build.0 = Release|Any CPU
		{334F9C7B-9B01-4978-961B-C8100CA8BB7B}.Release|x86.ActiveCfg = Release|x86
		{334F9C7B-9B01-4978-961B-C8100CA8BB7B}.Release|x86.Build.0 = Release|x86
		{75D9DF5E-245F-474F-95E3-6C63BA2E4054}.Debug|Any CPU.ActiveCfg = Debug|Any CPU
		{75D9DF5E-245F-474F-95E3-6C63BA2E4054}.Debug|Any CPU.Build.0 = Debug|Any CPU
		{75D9DF5E-245F-474F-95E3-6C63BA2E4054}.Debug|x86.ActiveCfg = Debug|Any CPU
		{75D9DF5E-245F-474F-95E3-6C63BA2E4054}.Debug|x86.Build.0 = Debug|Any CPU
		{75D9DF5E-245F-474F-95E3-6C63BA2E4054}.Release|Any CPU.ActiveCfg = Release|Any CPU
		{75D9DF5E-245F-474F-95E3-6C63BA2E4054}.Release|Any CPU.Build.0 = Release|Any CPU
		{75D9DF5E-245F-474F-95E3-6C63BA2E4054}.Release|x86.ActiveCfg = Release|Any CPU
		{75D9DF5E-245F-474F-95E3-6C63BA2E4054}.Release|x86.Build.0 = Release|Any CPU
		{16B206BE-1334-461F-9481-F98F24DB2742}.Debug|Any CPU.ActiveCfg = Debug|Any CPU
		{16B206BE-1334-461F-9481-F98F24DB2742}.Debug|Any CPU.Build.0 = Debug|Any CPU
		{16B206BE-1334-461F-9481-F98F24DB2742}.Debug|x86.ActiveCfg = Debug|Any CPU
		{16B206BE-1334-461F-9481-F98F24DB2742}.Debug|x86.Build.0 = Debug|Any CPU
		{16B206BE-1334-461F-9481-F98F24DB2742}.Release|Any CPU.ActiveCfg = Release|Any CPU
		{16B206BE-1334-461F-9481-F98F24DB2742}.Release|Any CPU.Build.0 = Release|Any CPU
		{16B206BE-1334-461F-9481-F98F24DB2742}.Release|x86.ActiveCfg = Release|Any CPU
		{16B206BE-1334-461F-9481-F98F24DB2742}.Release|x86.Build.0 = Release|Any CPU
		{E94EB63F-7259-4A08-9825-4B9A00C3D4F0}.Debug|Any CPU.ActiveCfg = Debug|Any CPU
		{E94EB63F-7259-4A08-9825-4B9A00C3D4F0}.Debug|Any CPU.Build.0 = Debug|Any CPU
		{E94EB63F-7259-4A08-9825-4B9A00C3D4F0}.Debug|x86.ActiveCfg = Debug|Any CPU
		{E94EB63F-7259-4A08-9825-4B9A00C3D4F0}.Debug|x86.Build.0 = Debug|Any CPU
		{E94EB63F-7259-4A08-9825-4B9A00C3D4F0}.Release|Any CPU.ActiveCfg = Release|Any CPU
		{E94EB63F-7259-4A08-9825-4B9A00C3D4F0}.Release|Any CPU.Build.0 = Release|Any CPU
		{E94EB63F-7259-4A08-9825-4B9A00C3D4F0}.Release|x86.ActiveCfg = Release|Any CPU
		{E94EB63F-7259-4A08-9825-4B9A00C3D4F0}.Release|x86.Build.0 = Release|Any CPU
		{5BC779FD-C08E-4481-8082-6DF9A036FA44}.Debug|Any CPU.ActiveCfg = Debug|Any CPU
		{5BC779FD-C08E-4481-8082-6DF9A036FA44}.Debug|Any CPU.Build.0 = Debug|Any CPU
		{5BC779FD-C08E-4481-8082-6DF9A036FA44}.Debug|x86.ActiveCfg = Debug|Any CPU
		{5BC779FD-C08E-4481-8082-6DF9A036FA44}.Debug|x86.Build.0 = Debug|Any CPU
		{5BC779FD-C08E-4481-8082-6DF9A036FA44}.Release|Any CPU.ActiveCfg = Release|Any CPU
		{5BC779FD-C08E-4481-8082-6DF9A036FA44}.Release|Any CPU.Build.0 = Release|Any CPU
		{5BC779FD-C08E-4481-8082-6DF9A036FA44}.Release|x86.ActiveCfg = Release|Any CPU
		{5BC779FD-C08E-4481-8082-6DF9A036FA44}.Release|x86.Build.0 = Release|Any CPU
		{C3E16FF4-7B29-4A99-92EE-C9FD8275EA41}.Debug|Any CPU.ActiveCfg = Debug|Any CPU
		{C3E16FF4-7B29-4A99-92EE-C9FD8275EA41}.Debug|Any CPU.Build.0 = Debug|Any CPU
		{C3E16FF4-7B29-4A99-92EE-C9FD8275EA41}.Debug|x86.ActiveCfg = Debug|Any CPU
		{C3E16FF4-7B29-4A99-92EE-C9FD8275EA41}.Debug|x86.Build.0 = Debug|Any CPU
		{C3E16FF4-7B29-4A99-92EE-C9FD8275EA41}.Release|Any CPU.ActiveCfg = Release|Any CPU
		{C3E16FF4-7B29-4A99-92EE-C9FD8275EA41}.Release|Any CPU.Build.0 = Release|Any CPU
		{C3E16FF4-7B29-4A99-92EE-C9FD8275EA41}.Release|x86.ActiveCfg = Release|Any CPU
		{C3E16FF4-7B29-4A99-92EE-C9FD8275EA41}.Release|x86.Build.0 = Release|Any CPU
	EndGlobalSection
	GlobalSection(SolutionProperties) = preSolution
		HideSolutionNode = FALSE
	EndGlobalSection
	GlobalSection(ExtensibilityGlobals) = postSolution
		SolutionGuid = {5B1384BA-5A24-4CF8-A736-7D47AE8851D4}
	EndGlobalSection
EndGlobal
