
Microsoft Visual Studio Solution File, Format Version 12.00
# Visual Studio Version 17
VisualStudioVersion = 17.9.34728.123
MinimumVisualStudioVersion = 10.0.40219.1
Project("{9A19103F-16F7-4668-BE54-9A1E7A4F7556}") = "butterBrorBot2.0", "butterBrorBot2.0\butterBrorBot2.0.csproj", "{334F9C7B-9B01-4978-961B-C8100CA8BB7B}"
EndProject
Project("{9A19103F-16F7-4668-BE54-9A1E7A4F7556}") = "Console", "Console\Console.csproj", "{37E6C785-767A-4AB6-B1BA-383095BD6660}"
EndProject
Project("{9A19103F-16F7-4668-BE54-9A1E7A4F7556}") = "butterBror_desktop", "butterBror_desktop\butterBror_desktop.csproj", "{3C7E2F8B-2BDF-476D-852F-68D8E8FCA644}"
	ProjectSection(ProjectDependencies) = postProject
		{334F9C7B-9B01-4978-961B-C8100CA8BB7B} = {334F9C7B-9B01-4978-961B-C8100CA8BB7B}
	EndProjectSection
EndProject
Global
	GlobalSection(SolutionConfigurationPlatforms) = preSolution
		Debug|Any CPU = Debug|Any CPU
		Debug|x86 = Debug|x86
		Release|Any CPU = Release|Any CPU
		Release|x86 = Release|x86
	EndGlobalSection
	GlobalSection(ProjectConfigurationPlatforms) = postSolution
		{334F9C7B-9B01-4978-961B-C8100CA8BB7B}.Debug|Any CPU.ActiveCfg = Debug|Any CPU
		{334F9C7B-9B01-4978-961B-C8100CA8BB7B}.Debug|Any CPU.Build.0 = Debug|Any CPU
		{334F9C7B-9B01-4978-961B-C8100CA8BB7B}.Debug|x86.ActiveCfg = Release|x86
		{334F9C7B-9B01-4978-961B-C8100CA8BB7B}.Debug|x86.Build.0 = Release|x86
		{334F9C7B-9B01-4978-961B-C8100CA8BB7B}.Release|Any CPU.ActiveCfg = Release|Any CPU
		{334F9C7B-9B01-4978-961B-C8100CA8BB7B}.Release|Any CPU.Build.0 = Release|Any CPU
		{334F9C7B-9B01-4978-961B-C8100CA8BB7B}.Release|x86.ActiveCfg = Release|x86
		{334F9C7B-9B01-4978-961B-C8100CA8BB7B}.Release|x86.Build.0 = Release|x86
		{37E6C785-767A-4AB6-B1BA-383095BD6660}.Debug|Any CPU.ActiveCfg = Debug|Any CPU
		{37E6C785-767A-4AB6-B1BA-383095BD6660}.Debug|Any CPU.Build.0 = Debug|Any CPU
		{37E6C785-767A-4AB6-B1BA-383095BD6660}.Debug|x86.ActiveCfg = Debug|Any CPU
		{37E6C785-767A-4AB6-B1BA-383095BD6660}.Debug|x86.Build.0 = Debug|Any CPU
		{37E6C785-767A-4AB6-B1BA-383095BD6660}.Release|Any CPU.ActiveCfg = Release|Any CPU
		{37E6C785-767A-4AB6-B1BA-383095BD6660}.Release|Any CPU.Build.0 = Release|Any CPU
		{37E6C785-767A-4AB6-B1BA-383095BD6660}.Release|x86.ActiveCfg = Release|Any CPU
		{37E6C785-767A-4AB6-B1BA-383095BD6660}.Release|x86.Build.0 = Release|Any CPU
		{3C7E2F8B-2BDF-476D-852F-68D8E8FCA644}.Debug|Any CPU.ActiveCfg = Debug|Any CPU
		{3C7E2F8B-2BDF-476D-852F-68D8E8FCA644}.Debug|Any CPU.Build.0 = Debug|Any CPU
		{3C7E2F8B-2BDF-476D-852F-68D8E8FCA644}.Debug|x86.ActiveCfg = Debug|Any CPU
		{3C7E2F8B-2BDF-476D-852F-68D8E8FCA644}.Debug|x86.Build.0 = Debug|Any CPU
		{3C7E2F8B-2BDF-476D-852F-68D8E8FCA644}.Release|Any CPU.ActiveCfg = Release|Any CPU
		{3C7E2F8B-2BDF-476D-852F-68D8E8FCA644}.Release|Any CPU.Build.0 = Release|Any CPU
		{3C7E2F8B-2BDF-476D-852F-68D8E8FCA644}.Release|x86.ActiveCfg = Release|Any CPU
		{3C7E2F8B-2BDF-476D-852F-68D8E8FCA644}.Release|x86.Build.0 = Release|Any CPU
	EndGlobalSection
	GlobalSection(SolutionProperties) = preSolution
		HideSolutionNode = FALSE
	EndGlobalSection
	GlobalSection(ExtensibilityGlobals) = postSolution
		SolutionGuid = {5B1384BA-5A24-4CF8-A736-7D47AE8851D4}
	EndGlobalSection
EndGlobal
